
Microsoft Visual Studio Solution File, Format Version 12.00
# Visual Studio Version 16
VisualStudioVersion = 16.0.31624.102
MinimumVisualStudioVersion = 10.0.40219.1
Project("{FAE04EC0-301F-11D3-BF4B-00C04F79EFBC}") = "Midterm_Project", "Midterm_Project.csproj", "{17A31F5B-352A-47C6-9B7A-D1B6B3127652}"
EndProject
Global
	GlobalSection(SolutionConfigurationPlatforms) = preSolution
		Debug|Any CPU = Debug|Any CPU
		Release|Any CPU = Release|Any CPU
	EndGlobalSection
	GlobalSection(ProjectConfigurationPlatforms) = postSolution
		{17A31F5B-352A-47C6-9B7A-D1B6B3127652}.Debug|Any CPU.ActiveCfg = Debug|Any CPU
		{17A31F5B-352A-47C6-9B7A-D1B6B3127652}.Debug|Any CPU.Build.0 = Debug|Any CPU
		{17A31F5B-352A-47C6-9B7A-D1B6B3127652}.Release|Any CPU.ActiveCfg = Release|Any CPU
		{17A31F5B-352A-47C6-9B7A-D1B6B3127652}.Release|Any CPU.Build.0 = Release|Any CPU
	EndGlobalSection
	GlobalSection(SolutionProperties) = preSolution
		HideSolutionNode = FALSE
	EndGlobalSection
	GlobalSection(ExtensibilityGlobals) = postSolution
		SolutionGuid = {2DA5F218-FF15-45FD-96A9-D33F2A984E99}
	EndGlobalSection
EndGlobal
